
Microsoft Visual Studio Solution File, Format Version 12.00
# Visual Studio Version 16
VisualStudioVersion = 16.0.31019.35
MinimumVisualStudioVersion = 10.0.40219.1
Project("{9A19103F-16F7-4668-BE54-9A1E7A4F7556}") = "Vecka03Miniproject01", "Vecka03Miniproject01\Vecka03Miniproject01.csproj", "{3B7F0D8C-9887-4577-ADE8-1B5E1A628765}"
EndProject
Project("{FAE04EC0-301F-11D3-BF4B-00C04F79EFBC}") = "Vecka03MiniprojectCurrencyExchange01", "Vecka03MiniprojectCurrencyExchange01\Vecka03MiniprojectCurrencyExchange01.csproj", "{F2F7263D-3E03-4EEE-8BE5-6BFB85BAA996}"
EndProject
Global
	GlobalSection(SolutionConfigurationPlatforms) = preSolution
		Debug|Any CPU = Debug|Any CPU
		Release|Any CPU = Release|Any CPU
	EndGlobalSection
	GlobalSection(ProjectConfigurationPlatforms) = postSolution
		{3B7F0D8C-9887-4577-ADE8-1B5E1A628765}.Debug|Any CPU.ActiveCfg = Debug|Any CPU
		{3B7F0D8C-9887-4577-ADE8-1B5E1A628765}.Debug|Any CPU.Build.0 = Debug|Any CPU
		{3B7F0D8C-9887-4577-ADE8-1B5E1A628765}.Release|Any CPU.ActiveCfg = Release|Any CPU
		{3B7F0D8C-9887-4577-ADE8-1B5E1A628765}.Release|Any CPU.Build.0 = Release|Any CPU
		{F2F7263D-3E03-4EEE-8BE5-6BFB85BAA996}.Debug|Any CPU.ActiveCfg = Debug|Any CPU
		{F2F7263D-3E03-4EEE-8BE5-6BFB85BAA996}.Debug|Any CPU.Build.0 = Debug|Any CPU
		{F2F7263D-3E03-4EEE-8BE5-6BFB85BAA996}.Release|Any CPU.ActiveCfg = Release|Any CPU
		{F2F7263D-3E03-4EEE-8BE5-6BFB85BAA996}.Release|Any CPU.Build.0 = Release|Any CPU
	EndGlobalSection
	GlobalSection(SolutionProperties) = preSolution
		HideSolutionNode = FALSE
	EndGlobalSection
	GlobalSection(ExtensibilityGlobals) = postSolution
		SolutionGuid = {D4AB7EAB-31DB-403B-BFAE-846A628B1665}
	EndGlobalSection
EndGlobal
